// !$*UTF8*$!
{
	archiveVersion = 1;
	classes = {
	};
	objectVersion = 46;
	objects = {

/* Begin PBXBuildFile section */
		A51040D71CF6CA2500015352 /* AppDelegate.swift in Sources */ = {isa = PBXBuildFile; fileRef = A51040D61CF6CA2500015352 /* AppDelegate.swift */; };
		A51040DE1CF6CA2500015352 /* Main.storyboard in Resources */ = {isa = PBXBuildFile; fileRef = A51040DC1CF6CA2500015352 /* Main.storyboard */; };
		A51040E31CF6CA2500015352 /* LaunchScreen.storyboard in Resources */ = {isa = PBXBuildFile; fileRef = A51040E11CF6CA2500015352 /* LaunchScreen.storyboard */; };
		A51040EC1CF6CB3100015352 /* Default-Portrait.png.png in Resources */ = {isa = PBXBuildFile; fileRef = A51040EB1CF6CB3100015352 /* Default-Portrait.png.png */; };
		A51040EE1CF6CB9100015352 /* Icon.png in Resources */ = {isa = PBXBuildFile; fileRef = A51040ED1CF6CB9100015352 /* Icon.png */; };
		A51040F51CF6CE4600015352 /* TabBarController.swift in Sources */ = {isa = PBXBuildFile; fileRef = A51040F41CF6CE4600015352 /* TabBarController.swift */; };
		A51040F91CF6D2A300015352 /* KittyViewController.swift in Sources */ = {isa = PBXBuildFile; fileRef = A51040F81CF6D2A300015352 /* KittyViewController.swift */; };
		A51040FB1CF6D2B000015352 /* DogViewController.swift in Sources */ = {isa = PBXBuildFile; fileRef = A51040FA1CF6D2B000015352 /* DogViewController.swift */; };
		A51040FD1CF6D2BB00015352 /* PetViewController.swift in Sources */ = {isa = PBXBuildFile; fileRef = A51040FC1CF6D2BB00015352 /* PetViewController.swift */; };
		A51040FE1CF6D8A200015352 /* Assets.xcassets in Resources */ = {isa = PBXBuildFile; fileRef = A51040DF1CF6CA2500015352 /* Assets.xcassets */; };
		A51041131CF6F5B300015352 /* dog_select@2x.png in Resources */ = {isa = PBXBuildFile; fileRef = A510410D1CF6F5B300015352 /* dog_select@2x.png */; };
		A51041141CF6F5B300015352 /* dog_unselect@2x.png in Resources */ = {isa = PBXBuildFile; fileRef = A510410E1CF6F5B300015352 /* dog_unselect@2x.png */; };
		A51041151CF6F5B300015352 /* kitty_select@2x.png in Resources */ = {isa = PBXBuildFile; fileRef = A510410F1CF6F5B300015352 /* kitty_select@2x.png */; };
		A51041161CF6F5B300015352 /* kitty_unselect@2x.png in Resources */ = {isa = PBXBuildFile; fileRef = A51041101CF6F5B300015352 /* kitty_unselect@2x.png */; };
		A51041171CF6F5B300015352 /* pet_select@2x.png in Resources */ = {isa = PBXBuildFile; fileRef = A51041111CF6F5B300015352 /* pet_select@2x.png */; };
		A51041181CF6F5B300015352 /* pet_unselect@2x.png in Resources */ = {isa = PBXBuildFile; fileRef = A51041121CF6F5B300015352 /* pet_unselect@2x.png */; };
		A51041331CF6FED000015352 /* kitty_1@2x.png in Resources */ = {isa = PBXBuildFile; fileRef = A510411A1CF6FED000015352 /* kitty_1@2x.png */; };
		A51041341CF6FED000015352 /* kitty_1_detail@2x.png in Resources */ = {isa = PBXBuildFile; fileRef = A510411B1CF6FED000015352 /* kitty_1_detail@2x.png */; };
		A51041351CF6FED000015352 /* kitty_2@2x.png in Resources */ = {isa = PBXBuildFile; fileRef = A510411C1CF6FED000015352 /* kitty_2@2x.png */; };
		A51041361CF6FED000015352 /* kitty_2_detail@2x.png in Resources */ = {isa = PBXBuildFile; fileRef = A510411D1CF6FED000015352 /* kitty_2_detail@2x.png */; };
		A51041371CF6FED000015352 /* kitty_3@2x.png in Resources */ = {isa = PBXBuildFile; fileRef = A510411E1CF6FED000015352 /* kitty_3@2x.png */; };
		A51041381CF6FED000015352 /* kitty_3_detail@2x.png in Resources */ = {isa = PBXBuildFile; fileRef = A510411F1CF6FED000015352 /* kitty_3_detail@2x.png */; };
		A51041391CF6FED000015352 /* kitty_4@2x.png in Resources */ = {isa = PBXBuildFile; fileRef = A51041201CF6FED000015352 /* kitty_4@2x.png */; };
		A510413A1CF6FED000015352 /* kitty_4_detail@2x.png in Resources */ = {isa = PBXBuildFile; fileRef = A51041211CF6FED000015352 /* kitty_4_detail@2x.png */; };
		A510413B1CF6FED000015352 /* kitty_5@2x.png in Resources */ = {isa = PBXBuildFile; fileRef = A51041221CF6FED000015352 /* kitty_5@2x.png */; };
		A510413C1CF6FED000015352 /* kitty_5_detail@2x.png in Resources */ = {isa = PBXBuildFile; fileRef = A51041231CF6FED000015352 /* kitty_5_detail@2x.png */; };
		A510413D1CF6FED000015352 /* kitty_6@2x.png in Resources */ = {isa = PBXBuildFile; fileRef = A51041241CF6FED000015352 /* kitty_6@2x.png */; };
		A510413E1CF6FED000015352 /* kitty_6_detail@2x.png in Resources */ = {isa = PBXBuildFile; fileRef = A51041251CF6FED000015352 /* kitty_6_detail@2x.png */; };
		A510413F1CF6FED000015352 /* dog_1@2x.png in Resources */ = {isa = PBXBuildFile; fileRef = A51041271CF6FED000015352 /* dog_1@2x.png */; };
		A51041401CF6FED000015352 /* dog_1_detail@2x.png in Resources */ = {isa = PBXBuildFile; fileRef = A51041281CF6FED000015352 /* dog_1_detail@2x.png */; };
		A51041411CF6FED000015352 /* dog_2@2x.png in Resources */ = {isa = PBXBuildFile; fileRef = A51041291CF6FED000015352 /* dog_2@2x.png */; };
		A51041421CF6FED000015352 /* dog_2_detail@2x.png in Resources */ = {isa = PBXBuildFile; fileRef = A510412A1CF6FED000015352 /* dog_2_detail@2x.png */; };
		A51041431CF6FED000015352 /* dog_3@2x.png in Resources */ = {isa = PBXBuildFile; fileRef = A510412B1CF6FED000015352 /* dog_3@2x.png */; };
		A51041441CF6FED000015352 /* dog_3_detail@2x.png in Resources */ = {isa = PBXBuildFile; fileRef = A510412C1CF6FED000015352 /* dog_3_detail@2x.png */; };
		A51041451CF6FED000015352 /* dog_4@2x.png in Resources */ = {isa = PBXBuildFile; fileRef = A510412D1CF6FED000015352 /* dog_4@2x.png */; };
		A51041461CF6FED000015352 /* dog_4_detail@2x.png in Resources */ = {isa = PBXBuildFile; fileRef = A510412E1CF6FED000015352 /* dog_4_detail@2x.png */; };
		A51041471CF6FED000015352 /* dog_5@2x.png in Resources */ = {isa = PBXBuildFile; fileRef = A510412F1CF6FED000015352 /* dog_5@2x.png */; };
		A51041481CF6FED000015352 /* dog_5_detail@2x.png in Resources */ = {isa = PBXBuildFile; fileRef = A51041301CF6FED000015352 /* dog_5_detail@2x.png */; };
		A51041491CF6FED000015352 /* dog_6@2x.png in Resources */ = {isa = PBXBuildFile; fileRef = A51041311CF6FED000015352 /* dog_6@2x.png */; };
		A510414A1CF6FED000015352 /* dog_6_detail@2x.png in Resources */ = {isa = PBXBuildFile; fileRef = A51041321CF6FED000015352 /* dog_6_detail@2x.png */; };
		A51041591CF701B400015352 /* pet_1@2x.png in Resources */ = {isa = PBXBuildFile; fileRef = A510414C1CF701B400015352 /* pet_1@2x.png */; };
		A510415A1CF701B400015352 /* pet_1_detail@2x.png in Resources */ = {isa = PBXBuildFile; fileRef = A510414D1CF701B400015352 /* pet_1_detail@2x.png */; };
		A510415B1CF701B400015352 /* pet_2@2x.png in Resources */ = {isa = PBXBuildFile; fileRef = A510414E1CF701B400015352 /* pet_2@2x.png */; };
		A510415C1CF701B400015352 /* pet_2_detail@2x.png in Resources */ = {isa = PBXBuildFile; fileRef = A510414F1CF701B400015352 /* pet_2_detail@2x.png */; };
		A510415D1CF701B400015352 /* pet_3@2x.png in Resources */ = {isa = PBXBuildFile; fileRef = A51041501CF701B400015352 /* pet_3@2x.png */; };
		A510415E1CF701B400015352 /* pet_3_detail@2x.png in Resources */ = {isa = PBXBuildFile; fileRef = A51041511CF701B400015352 /* pet_3_detail@2x.png */; };
		A510415F1CF701B400015352 /* pet_4@2x.png in Resources */ = {isa = PBXBuildFile; fileRef = A51041521CF701B400015352 /* pet_4@2x.png */; };
		A51041601CF701B400015352 /* pet_4_detail@2x.png in Resources */ = {isa = PBXBuildFile; fileRef = A51041531CF701B400015352 /* pet_4_detail@2x.png */; };
		A51041611CF701B400015352 /* pet_5@2x.png in Resources */ = {isa = PBXBuildFile; fileRef = A51041541CF701B400015352 /* pet_5@2x.png */; };
		A51041621CF701B400015352 /* pet_5_detail@2x.png in Resources */ = {isa = PBXBuildFile; fileRef = A51041551CF701B400015352 /* pet_5_detail@2x.png */; };
		A51041631CF701B400015352 /* pet_6@2x.png in Resources */ = {isa = PBXBuildFile; fileRef = A51041561CF701B400015352 /* pet_6@2x.png */; };
		A51041641CF701B400015352 /* pet_6_detail@2x.png in Resources */ = {isa = PBXBuildFile; fileRef = A51041571CF701B400015352 /* pet_6_detail@2x.png */; };
		A51041651CF701B400015352 /* pet_head@2x.png in Resources */ = {isa = PBXBuildFile; fileRef = A51041581CF701B400015352 /* pet_head@2x.png */; };
		A51041671CF702B900015352 /* KittyCell.swift in Sources */ = {isa = PBXBuildFile; fileRef = A51041661CF702B900015352 /* KittyCell.swift */; };
		A510416B1CF7086E00015352 /* DetailViewController.swift in Sources */ = {isa = PBXBuildFile; fileRef = A510416A1CF7086E00015352 /* DetailViewController.swift */; };
		A513654F1CF7131E00B9C1B1 /* PetCell.swift in Sources */ = {isa = PBXBuildFile; fileRef = A513654E1CF7131E00B9C1B1 /* PetCell.swift */; };
		A5513DC91CF988B000D5D0E7 /* HintView.swift in Sources */ = {isa = PBXBuildFile; fileRef = A5513DC81CF988B000D5D0E7 /* HintView.swift */; };
		A5D5E4981CF9A3B1009E3156 /* kittyCatogory_0@2x.png in Resources */ = {isa = PBXBuildFile; fileRef = A5D5E47C1CF9A3B1009E3156 /* kittyCatogory_0@2x.png */; };
		A5D5E4991CF9A3B1009E3156 /* kittyCatogory_1@2x.png in Resources */ = {isa = PBXBuildFile; fileRef = A5D5E47D1CF9A3B1009E3156 /* kittyCatogory_1@2x.png */; };
		A5D5E49A1CF9A3B1009E3156 /* kittyCatogory_1_show@2x.png in Resources */ = {isa = PBXBuildFile; fileRef = A5D5E47E1CF9A3B1009E3156 /* kittyCatogory_1_show@2x.png */; };
		A5D5E49B1CF9A3B1009E3156 /* kittyCatogory_2@2x.png in Resources */ = {isa = PBXBuildFile; fileRef = A5D5E47F1CF9A3B1009E3156 /* kittyCatogory_2@2x.png */; };
		A5D5E49C1CF9A3B1009E3156 /* kittyCatogory_2_show@2x.png in Resources */ = {isa = PBXBuildFile; fileRef = A5D5E4801CF9A3B1009E3156 /* kittyCatogory_2_show@2x.png */; };
		A5D5E49D1CF9A3B1009E3156 /* kittyCatogory_3@2x.png in Resources */ = {isa = PBXBuildFile; fileRef = A5D5E4811CF9A3B1009E3156 /* kittyCatogory_3@2x.png */; };
		A5D5E49E1CF9A3B1009E3156 /* kittyCatogory_3_show@2x.png in Resources */ = {isa = PBXBuildFile; fileRef = A5D5E4821CF9A3B1009E3156 /* kittyCatogory_3_show@2x.png */; };
		A5D5E49F1CF9A3B1009E3156 /* kittyCatogory_4@2x.png in Resources */ = {isa = PBXBuildFile; fileRef = A5D5E4831CF9A3B1009E3156 /* kittyCatogory_4@2x.png */; };
		A5D5E4A01CF9A3B1009E3156 /* kittyCatogory_4_show@2x.png in Resources */ = {isa = PBXBuildFile; fileRef = A5D5E4841CF9A3B1009E3156 /* kittyCatogory_4_show@2x.png */; };
		A5D5E4A11CF9A3B1009E3156 /* kittyCatogory_5@2x.png in Resources */ = {isa = PBXBuildFile; fileRef = A5D5E4851CF9A3B1009E3156 /* kittyCatogory_5@2x.png */; };
		A5D5E4A21CF9A3B1009E3156 /* kittyCatogory_5_show@2x.png in Resources */ = {isa = PBXBuildFile; fileRef = A5D5E4861CF9A3B1009E3156 /* kittyCatogory_5_show@2x.png */; };
		A5D5E4A31CF9A3B1009E3156 /* toy_0@2x.png in Resources */ = {isa = PBXBuildFile; fileRef = A5D5E4881CF9A3B1009E3156 /* toy_0@2x.png */; };
		A5D5E4A41CF9A3B1009E3156 /* toy_1@2x.png in Resources */ = {isa = PBXBuildFile; fileRef = A5D5E4891CF9A3B1009E3156 /* toy_1@2x.png */; };
		A5D5E4A51CF9A3B1009E3156 /* toy_2@2x.png in Resources */ = {isa = PBXBuildFile; fileRef = A5D5E48A1CF9A3B1009E3156 /* toy_2@2x.png */; };
		A5D5E4A61CF9A3B1009E3156 /* toy_2_show@2x.png in Resources */ = {isa = PBXBuildFile; fileRef = A5D5E48B1CF9A3B1009E3156 /* toy_2_show@2x.png */; };
		A5D5E4A81CF9A3B1009E3156 /* toy_3_show@2x.png in Resources */ = {isa = PBXBuildFile; fileRef = A5D5E48D1CF9A3B1009E3156 /* toy_3_show@2x.png */; };
		A5D5E4A91CF9A3B1009E3156 /* toy_4@2x.png in Resources */ = {isa = PBXBuildFile; fileRef = A5D5E48E1CF9A3B1009E3156 /* toy_4@2x.png */; };
		A5D5E4AA1CF9A3B1009E3156 /* toy_4_show@2x.png in Resources */ = {isa = PBXBuildFile; fileRef = A5D5E48F1CF9A3B1009E3156 /* toy_4_show@2x.png */; };
		A5D5E4AB1CF9A3B1009E3156 /* toy_5@2x.png in Resources */ = {isa = PBXBuildFile; fileRef = A5D5E4901CF9A3B1009E3156 /* toy_5@2x.png */; };
		A5D5E4AC1CF9A3B1009E3156 /* toy_5_show@2x.png in Resources */ = {isa = PBXBuildFile; fileRef = A5D5E4911CF9A3B1009E3156 /* toy_5_show@2x.png */; };
		A5D5E4AD1CF9A3B1009E3156 /* toy_6@2x.png in Resources */ = {isa = PBXBuildFile; fileRef = A5D5E4921CF9A3B1009E3156 /* toy_6@2x.png */; };
		A5D5E4AE1CF9A3B1009E3156 /* toy_6_show@2x.png in Resources */ = {isa = PBXBuildFile; fileRef = A5D5E4931CF9A3B1009E3156 /* toy_6_show@2x.png */; };
		A5D5E4AF1CF9A3B1009E3156 /* toy_7@2x.png in Resources */ = {isa = PBXBuildFile; fileRef = A5D5E4941CF9A3B1009E3156 /* toy_7@2x.png */; };
		A5D5E4B01CF9A3B1009E3156 /* toy_7_show@2x.png in Resources */ = {isa = PBXBuildFile; fileRef = A5D5E4951CF9A3B1009E3156 /* toy_7_show@2x.png */; };
		A5D5E4B11CF9A3B1009E3156 /* toy_8@2x.png in Resources */ = {isa = PBXBuildFile; fileRef = A5D5E4961CF9A3B1009E3156 /* toy_8@2x.png */; };
		A5D5E4B21CF9A3B1009E3156 /* toy_8_show@2x.png in Resources */ = {isa = PBXBuildFile; fileRef = A5D5E4971CF9A3B1009E3156 /* toy_8_show@2x.png */; };
		A5D5E4C11CF9A3C3009E3156 /* dogCatogory_0@2x.png in Resources */ = {isa = PBXBuildFile; fileRef = A5D5E4B41CF9A3C3009E3156 /* dogCatogory_0@2x.png */; };
		A5D5E4C21CF9A3C3009E3156 /* dogCatogory_1@2x.png in Resources */ = {isa = PBXBuildFile; fileRef = A5D5E4B51CF9A3C3009E3156 /* dogCatogory_1@2x.png */; };
		A5D5E4C31CF9A3C3009E3156 /* dogCatogory_1_show@2x.png in Resources */ = {isa = PBXBuildFile; fileRef = A5D5E4B61CF9A3C3009E3156 /* dogCatogory_1_show@2x.png */; };
		A5D5E4C41CF9A3C3009E3156 /* dogCatogory_2@2x.png in Resources */ = {isa = PBXBuildFile; fileRef = A5D5E4B71CF9A3C3009E3156 /* dogCatogory_2@2x.png */; };
		A5D5E4C51CF9A3C3009E3156 /* dogCatogory_2_show@2x.png in Resources */ = {isa = PBXBuildFile; fileRef = A5D5E4B81CF9A3C3009E3156 /* dogCatogory_2_show@2x.png */; };
		A5D5E4C61CF9A3C3009E3156 /* dogCatogory_3@2x.png in Resources */ = {isa = PBXBuildFile; fileRef = A5D5E4B91CF9A3C3009E3156 /* dogCatogory_3@2x.png */; };
		A5D5E4C71CF9A3C3009E3156 /* dogCatogory_3_show@2x.png in Resources */ = {isa = PBXBuildFile; fileRef = A5D5E4BA1CF9A3C3009E3156 /* dogCatogory_3_show@2x.png */; };
		A5D5E4C81CF9A3C3009E3156 /* dogCatogory_4@2x.png in Resources */ = {isa = PBXBuildFile; fileRef = A5D5E4BB1CF9A3C3009E3156 /* dogCatogory_4@2x.png */; };
		A5D5E4C91CF9A3C3009E3156 /* dogCatogory_4_show@2x.png in Resources */ = {isa = PBXBuildFile; fileRef = A5D5E4BC1CF9A3C3009E3156 /* dogCatogory_4_show@2x.png */; };
		A5D5E4CA1CF9A3C3009E3156 /* dogCatogory_5@2x.png in Resources */ = {isa = PBXBuildFile; fileRef = A5D5E4BD1CF9A3C3009E3156 /* dogCatogory_5@2x.png */; };
		A5D5E4CB1CF9A3C3009E3156 /* dogCatogory_5_show@2x.png in Resources */ = {isa = PBXBuildFile; fileRef = A5D5E4BE1CF9A3C3009E3156 /* dogCatogory_5_show@2x.png */; };
		A5D5E4CC1CF9A3C3009E3156 /* dogCatogory_6@2x.png in Resources */ = {isa = PBXBuildFile; fileRef = A5D5E4BF1CF9A3C3009E3156 /* dogCatogory_6@2x.png */; };
		A5D5E4CD1CF9A3C3009E3156 /* dogCatogory_6_show@2x.png in Resources */ = {isa = PBXBuildFile; fileRef = A5D5E4C01CF9A3C3009E3156 /* dogCatogory_6_show@2x.png */; };
		A5D5E4CF1CF9A435009E3156 /* DetailTableViewCotroller.swift in Sources */ = {isa = PBXBuildFile; fileRef = A5D5E4CE1CF9A435009E3156 /* DetailTableViewCotroller.swift */; };
		A5D5E4D31CF9A550009E3156 /* DetailCell.swift in Sources */ = {isa = PBXBuildFile; fileRef = A5D5E4D21CF9A550009E3156 /* DetailCell.swift */; };
		A5D5E4D51CF9B422009E3156 /* toy_3@2x.png in Resources */ = {isa = PBXBuildFile; fileRef = A5D5E4D41CF9B422009E3156 /* toy_3@2x.png */; };
/* End PBXBuildFile section */

/* Begin PBXFileReference section */
		A51040D31CF6CA2500015352 /* Kitty.app */ = {isa = PBXFileReference; explicitFileType = wrapper.application; includeInIndex = 0; path = Kitty.app; sourceTree = BUILT_PRODUCTS_DIR; };
		A51040D61CF6CA2500015352 /* AppDelegate.swift */ = {isa = PBXFileReference; lastKnownFileType = sourcecode.swift; path = AppDelegate.swift; sourceTree = "<group>"; };
		A51040DD1CF6CA2500015352 /* Base */ = {isa = PBXFileReference; lastKnownFileType = file.storyboard; name = Base; path = Base.lproj/Main.storyboard; sourceTree = "<group>"; };
		A51040DF1CF6CA2500015352 /* Assets.xcassets */ = {isa = PBXFileReference; lastKnownFileType = folder.assetcatalog; path = Assets.xcassets; sourceTree = "<group>"; };
		A51040E21CF6CA2500015352 /* Base */ = {isa = PBXFileReference; lastKnownFileType = file.storyboard; name = Base; path = Base.lproj/LaunchScreen.storyboard; sourceTree = "<group>"; };
		A51040E41CF6CA2500015352 /* Info.plist */ = {isa = PBXFileReference; lastKnownFileType = text.plist.xml; path = Info.plist; sourceTree = "<group>"; };
		A51040EB1CF6CB3100015352 /* Default-Portrait.png.png */ = {isa = PBXFileReference; lastKnownFileType = image.png; path = "Default-Portrait.png.png"; sourceTree = "<group>"; };
		A51040ED1CF6CB9100015352 /* Icon.png */ = {isa = PBXFileReference; lastKnownFileType = image.png; path = Icon.png; sourceTree = "<group>"; };
		A51040F41CF6CE4600015352 /* TabBarController.swift */ = {isa = PBXFileReference; fileEncoding = 4; lastKnownFileType = sourcecode.swift; path = TabBarController.swift; sourceTree = "<group>"; };
		A51040F81CF6D2A300015352 /* KittyViewController.swift */ = {isa = PBXFileReference; fileEncoding = 4; lastKnownFileType = sourcecode.swift; path = KittyViewController.swift; sourceTree = "<group>"; };
		A51040FA1CF6D2B000015352 /* DogViewController.swift */ = {isa = PBXFileReference; fileEncoding = 4; lastKnownFileType = sourcecode.swift; path = DogViewController.swift; sourceTree = "<group>"; };
		A51040FC1CF6D2BB00015352 /* PetViewController.swift */ = {isa = PBXFileReference; fileEncoding = 4; lastKnownFileType = sourcecode.swift; path = PetViewController.swift; sourceTree = "<group>"; };
		A510410D1CF6F5B300015352 /* dog_select@2x.png */ = {isa = PBXFileReference; lastKnownFileType = image.png; path = "dog_select@2x.png"; sourceTree = "<group>"; };
		A510410E1CF6F5B300015352 /* dog_unselect@2x.png */ = {isa = PBXFileReference; lastKnownFileType = image.png; path = "dog_unselect@2x.png"; sourceTree = "<group>"; };
		A510410F1CF6F5B300015352 /* kitty_select@2x.png */ = {isa = PBXFileReference; lastKnownFileType = image.png; path = "kitty_select@2x.png"; sourceTree = "<group>"; };
		A51041101CF6F5B300015352 /* kitty_unselect@2x.png */ = {isa = PBXFileReference; lastKnownFileType = image.png; path = "kitty_unselect@2x.png"; sourceTree = "<group>"; };
		A51041111CF6F5B300015352 /* pet_select@2x.png */ = {isa = PBXFileReference; lastKnownFileType = image.png; path = "pet_select@2x.png"; sourceTree = "<group>"; };
		A51041121CF6F5B300015352 /* pet_unselect@2x.png */ = {isa = PBXFileReference; lastKnownFileType = image.png; path = "pet_unselect@2x.png"; sourceTree = "<group>"; };
		A510411A1CF6FED000015352 /* kitty_1@2x.png */ = {isa = PBXFileReference; lastKnownFileType = image.png; path = "kitty_1@2x.png"; sourceTree = "<group>"; };
		A510411B1CF6FED000015352 /* kitty_1_detail@2x.png */ = {isa = PBXFileReference; lastKnownFileType = image.png; path = "kitty_1_detail@2x.png"; sourceTree = "<group>"; };
		A510411C1CF6FED000015352 /* kitty_2@2x.png */ = {isa = PBXFileReference; lastKnownFileType = image.png; path = "kitty_2@2x.png"; sourceTree = "<group>"; };
		A510411D1CF6FED000015352 /* kitty_2_detail@2x.png */ = {isa = PBXFileReference; lastKnownFileType = image.png; path = "kitty_2_detail@2x.png"; sourceTree = "<group>"; };
		A510411E1CF6FED000015352 /* kitty_3@2x.png */ = {isa = PBXFileReference; lastKnownFileType = image.png; path = "kitty_3@2x.png"; sourceTree = "<group>"; };
		A510411F1CF6FED000015352 /* kitty_3_detail@2x.png */ = {isa = PBXFileReference; lastKnownFileType = image.png; path = "kitty_3_detail@2x.png"; sourceTree = "<group>"; };
		A51041201CF6FED000015352 /* kitty_4@2x.png */ = {isa = PBXFileReference; lastKnownFileType = image.png; path = "kitty_4@2x.png"; sourceTree = "<group>"; };
		A51041211CF6FED000015352 /* kitty_4_detail@2x.png */ = {isa = PBXFileReference; lastKnownFileType = image.png; path = "kitty_4_detail@2x.png"; sourceTree = "<group>"; };
		A51041221CF6FED000015352 /* kitty_5@2x.png */ = {isa = PBXFileReference; lastKnownFileType = image.png; path = "kitty_5@2x.png"; sourceTree = "<group>"; };
		A51041231CF6FED000015352 /* kitty_5_detail@2x.png */ = {isa = PBXFileReference; lastKnownFileType = image.png; path = "kitty_5_detail@2x.png"; sourceTree = "<group>"; };
		A51041241CF6FED000015352 /* kitty_6@2x.png */ = {isa = PBXFileReference; lastKnownFileType = image.png; path = "kitty_6@2x.png"; sourceTree = "<group>"; };
		A51041251CF6FED000015352 /* kitty_6_detail@2x.png */ = {isa = PBXFileReference; lastKnownFileType = image.png; path = "kitty_6_detail@2x.png"; sourceTree = "<group>"; };
		A51041271CF6FED000015352 /* dog_1@2x.png */ = {isa = PBXFileReference; lastKnownFileType = image.png; path = "dog_1@2x.png"; sourceTree = "<group>"; };
		A51041281CF6FED000015352 /* dog_1_detail@2x.png */ = {isa = PBXFileReference; lastKnownFileType = image.png; path = "dog_1_detail@2x.png"; sourceTree = "<group>"; };
		A51041291CF6FED000015352 /* dog_2@2x.png */ = {isa = PBXFileReference; lastKnownFileType = image.png; path = "dog_2@2x.png"; sourceTree = "<group>"; };
		A510412A1CF6FED000015352 /* dog_2_detail@2x.png */ = {isa = PBXFileReference; lastKnownFileType = image.png; path = "dog_2_detail@2x.png"; sourceTree = "<group>"; };
		A510412B1CF6FED000015352 /* dog_3@2x.png */ = {isa = PBXFileReference; lastKnownFileType = image.png; path = "dog_3@2x.png"; sourceTree = "<group>"; };
		A510412C1CF6FED000015352 /* dog_3_detail@2x.png */ = {isa = PBXFileReference; lastKnownFileType = image.png; path = "dog_3_detail@2x.png"; sourceTree = "<group>"; };
		A510412D1CF6FED000015352 /* dog_4@2x.png */ = {isa = PBXFileReference; lastKnownFileType = image.png; path = "dog_4@2x.png"; sourceTree = "<group>"; };
		A510412E1CF6FED000015352 /* dog_4_detail@2x.png */ = {isa = PBXFileReference; lastKnownFileType = image.png; path = "dog_4_detail@2x.png"; sourceTree = "<group>"; };
		A510412F1CF6FED000015352 /* dog_5@2x.png */ = {isa = PBXFileReference; lastKnownFileType = image.png; path = "dog_5@2x.png"; sourceTree = "<group>"; };
		A51041301CF6FED000015352 /* dog_5_detail@2x.png */ = {isa = PBXFileReference; lastKnownFileType = image.png; path = "dog_5_detail@2x.png"; sourceTree = "<group>"; };
		A51041311CF6FED000015352 /* dog_6@2x.png */ = {isa = PBXFileReference; lastKnownFileType = image.png; path = "dog_6@2x.png"; sourceTree = "<group>"; };
		A51041321CF6FED000015352 /* dog_6_detail@2x.png */ = {isa = PBXFileReference; lastKnownFileType = image.png; path = "dog_6_detail@2x.png"; sourceTree = "<group>"; };
		A510414C1CF701B400015352 /* pet_1@2x.png */ = {isa = PBXFileReference; lastKnownFileType = image.png; path = "pet_1@2x.png"; sourceTree = "<group>"; };
		A510414D1CF701B400015352 /* pet_1_detail@2x.png */ = {isa = PBXFileReference; lastKnownFileType = image.png; path = "pet_1_detail@2x.png"; sourceTree = "<group>"; };
		A510414E1CF701B400015352 /* pet_2@2x.png */ = {isa = PBXFileReference; lastKnownFileType = image.png; path = "pet_2@2x.png"; sourceTree = "<group>"; };
		A510414F1CF701B400015352 /* pet_2_detail@2x.png */ = {isa = PBXFileReference; lastKnownFileType = image.png; path = "pet_2_detail@2x.png"; sourceTree = "<group>"; };
		A51041501CF701B400015352 /* pet_3@2x.png */ = {isa = PBXFileReference; lastKnownFileType = image.png; path = "pet_3@2x.png"; sourceTree = "<group>"; };
		A51041511CF701B400015352 /* pet_3_detail@2x.png */ = {isa = PBXFileReference; lastKnownFileType = image.png; path = "pet_3_detail@2x.png"; sourceTree = "<group>"; };
		A51041521CF701B400015352 /* pet_4@2x.png */ = {isa = PBXFileReference; lastKnownFileType = image.png; path = "pet_4@2x.png"; sourceTree = "<group>"; };
		A51041531CF701B400015352 /* pet_4_detail@2x.png */ = {isa = PBXFileReference; lastKnownFileType = image.png; path = "pet_4_detail@2x.png"; sourceTree = "<group>"; };
		A51041541CF701B400015352 /* pet_5@2x.png */ = {isa = PBXFileReference; lastKnownFileType = image.png; path = "pet_5@2x.png"; sourceTree = "<group>"; };
		A51041551CF701B400015352 /* pet_5_detail@2x.png */ = {isa = PBXFileReference; lastKnownFileType = image.png; path = "pet_5_detail@2x.png"; sourceTree = "<group>"; };
		A51041561CF701B400015352 /* pet_6@2x.png */ = {isa = PBXFileReference; lastKnownFileType = image.png; path = "pet_6@2x.png"; sourceTree = "<group>"; };
		A51041571CF701B400015352 /* pet_6_detail@2x.png */ = {isa = PBXFileReference; lastKnownFileType = image.png; path = "pet_6_detail@2x.png"; sourceTree = "<group>"; };
		A51041581CF701B400015352 /* pet_head@2x.png */ = {isa = PBXFileReference; lastKnownFileType = image.png; path = "pet_head@2x.png"; sourceTree = "<group>"; };
		A51041661CF702B900015352 /* KittyCell.swift */ = {isa = PBXFileReference; fileEncoding = 4; lastKnownFileType = sourcecode.swift; path = KittyCell.swift; sourceTree = "<group>"; };
		A510416A1CF7086E00015352 /* DetailViewController.swift */ = {isa = PBXFileReference; fileEncoding = 4; lastKnownFileType = sourcecode.swift; path = DetailViewController.swift; sourceTree = "<group>"; };
		A513654E1CF7131E00B9C1B1 /* PetCell.swift */ = {isa = PBXFileReference; fileEncoding = 4; lastKnownFileType = sourcecode.swift; name = PetCell.swift; path = "../汪星人/PetCell.swift"; sourceTree = "<group>"; };
		A5513DC81CF988B000D5D0E7 /* HintView.swift */ = {isa = PBXFileReference; fileEncoding = 4; lastKnownFileType = sourcecode.swift; path = HintView.swift; sourceTree = "<group>"; };
		A5D5E47C1CF9A3B1009E3156 /* kittyCatogory_0@2x.png */ = {isa = PBXFileReference; lastKnownFileType = image.png; path = "kittyCatogory_0@2x.png"; sourceTree = "<group>"; };
		A5D5E47D1CF9A3B1009E3156 /* kittyCatogory_1@2x.png */ = {isa = PBXFileReference; lastKnownFileType = image.png; path = "kittyCatogory_1@2x.png"; sourceTree = "<group>"; };
		A5D5E47E1CF9A3B1009E3156 /* kittyCatogory_1_show@2x.png */ = {isa = PBXFileReference; lastKnownFileType = image.png; path = "kittyCatogory_1_show@2x.png"; sourceTree = "<group>"; };
		A5D5E47F1CF9A3B1009E3156 /* kittyCatogory_2@2x.png */ = {isa = PBXFileReference; lastKnownFileType = image.png; path = "kittyCatogory_2@2x.png"; sourceTree = "<group>"; };
		A5D5E4801CF9A3B1009E3156 /* kittyCatogory_2_show@2x.png */ = {isa = PBXFileReference; lastKnownFileType = image.png; path = "kittyCatogory_2_show@2x.png"; sourceTree = "<group>"; };
		A5D5E4811CF9A3B1009E3156 /* kittyCatogory_3@2x.png */ = {isa = PBXFileReference; lastKnownFileType = image.png; path = "kittyCatogory_3@2x.png"; sourceTree = "<group>"; };
		A5D5E4821CF9A3B1009E3156 /* kittyCatogory_3_show@2x.png */ = {isa = PBXFileReference; lastKnownFileType = image.png; path = "kittyCatogory_3_show@2x.png"; sourceTree = "<group>"; };
		A5D5E4831CF9A3B1009E3156 /* kittyCatogory_4@2x.png */ = {isa = PBXFileReference; lastKnownFileType = image.png; path = "kittyCatogory_4@2x.png"; sourceTree = "<group>"; };
		A5D5E4841CF9A3B1009E3156 /* kittyCatogory_4_show@2x.png */ = {isa = PBXFileReference; lastKnownFileType = image.png; path = "kittyCatogory_4_show@2x.png"; sourceTree = "<group>"; };
		A5D5E4851CF9A3B1009E3156 /* kittyCatogory_5@2x.png */ = {isa = PBXFileReference; lastKnownFileType = image.png; path = "kittyCatogory_5@2x.png"; sourceTree = "<group>"; };
		A5D5E4861CF9A3B1009E3156 /* kittyCatogory_5_show@2x.png */ = {isa = PBXFileReference; lastKnownFileType = image.png; path = "kittyCatogory_5_show@2x.png"; sourceTree = "<group>"; };
		A5D5E4881CF9A3B1009E3156 /* toy_0@2x.png */ = {isa = PBXFileReference; lastKnownFileType = image.png; path = "toy_0@2x.png"; sourceTree = "<group>"; };
		A5D5E4891CF9A3B1009E3156 /* toy_1@2x.png */ = {isa = PBXFileReference; lastKnownFileType = image.png; path = "toy_1@2x.png"; sourceTree = "<group>"; };
		A5D5E48A1CF9A3B1009E3156 /* toy_2@2x.png */ = {isa = PBXFileReference; lastKnownFileType = image.png; path = "toy_2@2x.png"; sourceTree = "<group>"; };
		A5D5E48B1CF9A3B1009E3156 /* toy_2_show@2x.png */ = {isa = PBXFileReference; lastKnownFileType = image.png; path = "toy_2_show@2x.png"; sourceTree = "<group>"; };
		A5D5E48D1CF9A3B1009E3156 /* toy_3_show@2x.png */ = {isa = PBXFileReference; lastKnownFileType = image.png; path = "toy_3_show@2x.png"; sourceTree = "<group>"; };
		A5D5E48E1CF9A3B1009E3156 /* toy_4@2x.png */ = {isa = PBXFileReference; lastKnownFileType = image.png; path = "toy_4@2x.png"; sourceTree = "<group>"; };
		A5D5E48F1CF9A3B1009E3156 /* toy_4_show@2x.png */ = {isa = PBXFileReference; lastKnownFileType = image.png; path = "toy_4_show@2x.png"; sourceTree = "<group>"; };
		A5D5E4901CF9A3B1009E3156 /* toy_5@2x.png */ = {isa = PBXFileReference; lastKnownFileType = image.png; path = "toy_5@2x.png"; sourceTree = "<group>"; };
		A5D5E4911CF9A3B1009E3156 /* toy_5_show@2x.png */ = {isa = PBXFileReference; lastKnownFileType = image.png; path = "toy_5_show@2x.png"; sourceTree = "<group>"; };
		A5D5E4921CF9A3B1009E3156 /* toy_6@2x.png */ = {isa = PBXFileReference; lastKnownFileType = image.png; path = "toy_6@2x.png"; sourceTree = "<group>"; };
		A5D5E4931CF9A3B1009E3156 /* toy_6_show@2x.png */ = {isa = PBXFileReference; lastKnownFileType = image.png; path = "toy_6_show@2x.png"; sourceTree = "<group>"; };
		A5D5E4941CF9A3B1009E3156 /* toy_7@2x.png */ = {isa = PBXFileReference; lastKnownFileType = image.png; path = "toy_7@2x.png"; sourceTree = "<group>"; };
		A5D5E4951CF9A3B1009E3156 /* toy_7_show@2x.png */ = {isa = PBXFileReference; lastKnownFileType = image.png; path = "toy_7_show@2x.png"; sourceTree = "<group>"; };
		A5D5E4961CF9A3B1009E3156 /* toy_8@2x.png */ = {isa = PBXFileReference; lastKnownFileType = image.png; path = "toy_8@2x.png"; sourceTree = "<group>"; };
		A5D5E4971CF9A3B1009E3156 /* toy_8_show@2x.png */ = {isa = PBXFileReference; lastKnownFileType = image.png; path = "toy_8_show@2x.png"; sourceTree = "<group>"; };
		A5D5E4B41CF9A3C3009E3156 /* dogCatogory_0@2x.png */ = {isa = PBXFileReference; lastKnownFileType = image.png; path = "dogCatogory_0@2x.png"; sourceTree = "<group>"; };
		A5D5E4B51CF9A3C3009E3156 /* dogCatogory_1@2x.png */ = {isa = PBXFileReference; lastKnownFileType = image.png; path = "dogCatogory_1@2x.png"; sourceTree = "<group>"; };
		A5D5E4B61CF9A3C3009E3156 /* dogCatogory_1_show@2x.png */ = {isa = PBXFileReference; lastKnownFileType = image.png; path = "dogCatogory_1_show@2x.png"; sourceTree = "<group>"; };
		A5D5E4B71CF9A3C3009E3156 /* dogCatogory_2@2x.png */ = {isa = PBXFileReference; lastKnownFileType = image.png; path = "dogCatogory_2@2x.png"; sourceTree = "<group>"; };
		A5D5E4B81CF9A3C3009E3156 /* dogCatogory_2_show@2x.png */ = {isa = PBXFileReference; lastKnownFileType = image.png; path = "dogCatogory_2_show@2x.png"; sourceTree = "<group>"; };
		A5D5E4B91CF9A3C3009E3156 /* dogCatogory_3@2x.png */ = {isa = PBXFileReference; lastKnownFileType = image.png; path = "dogCatogory_3@2x.png"; sourceTree = "<group>"; };
		A5D5E4BA1CF9A3C3009E3156 /* dogCatogory_3_show@2x.png */ = {isa = PBXFileReference; lastKnownFileType = image.png; path = "dogCatogory_3_show@2x.png"; sourceTree = "<group>"; };
		A5D5E4BB1CF9A3C3009E3156 /* dogCatogory_4@2x.png */ = {isa = PBXFileReference; lastKnownFileType = image.png; path = "dogCatogory_4@2x.png"; sourceTree = "<group>"; };
		A5D5E4BC1CF9A3C3009E3156 /* dogCatogory_4_show@2x.png */ = {isa = PBXFileReference; lastKnownFileType = image.png; path = "dogCatogory_4_show@2x.png"; sourceTree = "<group>"; };
		A5D5E4BD1CF9A3C3009E3156 /* dogCatogory_5@2x.png */ = {isa = PBXFileReference; lastKnownFileType = image.png; path = "dogCatogory_5@2x.png"; sourceTree = "<group>"; };
		A5D5E4BE1CF9A3C3009E3156 /* dogCatogory_5_show@2x.png */ = {isa = PBXFileReference; lastKnownFileType = image.png; path = "dogCatogory_5_show@2x.png"; sourceTree = "<group>"; };
		A5D5E4BF1CF9A3C3009E3156 /* dogCatogory_6@2x.png */ = {isa = PBXFileReference; lastKnownFileType = image.png; path = "dogCatogory_6@2x.png"; sourceTree = "<group>"; };
		A5D5E4C01CF9A3C3009E3156 /* dogCatogory_6_show@2x.png */ = {isa = PBXFileReference; lastKnownFileType = image.png; path = "dogCatogory_6_show@2x.png"; sourceTree = "<group>"; };
		A5D5E4CE1CF9A435009E3156 /* DetailTableViewCotroller.swift */ = {isa = PBXFileReference; fileEncoding = 4; lastKnownFileType = sourcecode.swift; path = DetailTableViewCotroller.swift; sourceTree = "<group>"; };
		A5D5E4D21CF9A550009E3156 /* DetailCell.swift */ = {isa = PBXFileReference; fileEncoding = 4; lastKnownFileType = sourcecode.swift; path = DetailCell.swift; sourceTree = "<group>"; };
		A5D5E4D41CF9B422009E3156 /* toy_3@2x.png */ = {isa = PBXFileReference; lastKnownFileType = image.png; path = "toy_3@2x.png"; sourceTree = "<group>"; };
/* End PBXFileReference section */

/* Begin PBXFrameworksBuildPhase section */
		A51040D01CF6CA2500015352 /* Frameworks */ = {
			isa = PBXFrameworksBuildPhase;
			buildActionMask = 2147483647;
			files = (
			);
			runOnlyForDeploymentPostprocessing = 0;
		};
/* End PBXFrameworksBuildPhase section */

/* Begin PBXGroup section */
		A51040CA1CF6CA2500015352 = {
			isa = PBXGroup;
			children = (
				A51040D51CF6CA2500015352 /* Kitty */,
				A51040D41CF6CA2500015352 /* Products */,
			);
			sourceTree = "<group>";
		};
		A51040D41CF6CA2500015352 /* Products */ = {
			isa = PBXGroup;
			children = (
				A51040D31CF6CA2500015352 /* Kitty.app */,
			);
			name = Products;
			sourceTree = "<group>";
		};
		A51040D51CF6CA2500015352 /* Kitty */ = {
			isa = PBXGroup;
			children = (
				A51040F41CF6CE4600015352 /* TabBarController.swift */,
				A51040F21CF6CE1300015352 /* 喵星人 */,
				A51040F31CF6CE1300015352 /* 宠物星球 */,
				A51040F11CF6CE1300015352 /* 汪星人 */,
				A51040D61CF6CA2500015352 /* AppDelegate.swift */,
				A51040DC1CF6CA2500015352 /* Main.storyboard */,
				A51040DF1CF6CA2500015352 /* Assets.xcassets */,
				A51040E11CF6CA2500015352 /* LaunchScreen.storyboard */,
				A51040E41CF6CA2500015352 /* Info.plist */,
				A51040EA1CF6CB2A00015352 /* resources */,
			);
			path = Kitty;
			sourceTree = "<group>";
		};
		A51040EA1CF6CB2A00015352 /* resources */ = {
			isa = PBXGroup;
			children = (
				A510414B1CF701B400015352 /* 宠物星球 */,
				A51041191CF6FED000015352 /* 喵星人 */,
				A51041261CF6FED000015352 /* 汪星人 */,
				A510410C1CF6F5B300015352 /* 标签栏 */,
				A51040ED1CF6CB9100015352 /* Icon.png */,
				A51040EB1CF6CB3100015352 /* Default-Portrait.png.png */,
			);
			path = resources;
			sourceTree = "<group>";
		};
		A51040F11CF6CE1300015352 /* 汪星人 */ = {
			isa = PBXGroup;
			children = (
				A51040FA1CF6D2B000015352 /* DogViewController.swift */,
			);
			path = "汪星人";
			sourceTree = "<group>";
		};
		A51040F21CF6CE1300015352 /* 喵星人 */ = {
			isa = PBXGroup;
			children = (
				A51040F81CF6D2A300015352 /* KittyViewController.swift */,
				A51041661CF702B900015352 /* KittyCell.swift */,
				A510416A1CF7086E00015352 /* DetailViewController.swift */,
				A5513DC81CF988B000D5D0E7 /* HintView.swift */,
				A5D5E4CE1CF9A435009E3156 /* DetailTableViewCotroller.swift */,
				A5D5E4D21CF9A550009E3156 /* DetailCell.swift */,
			);
			path = "喵星人";
			sourceTree = "<group>";
		};
		A51040F31CF6CE1300015352 /* 宠物星球 */ = {
			isa = PBXGroup;
			children = (
				A51040FC1CF6D2BB00015352 /* PetViewController.swift */,
				A513654E1CF7131E00B9C1B1 /* PetCell.swift */,
			);
			path = "宠物星球";
			sourceTree = "<group>";
		};
		A510410C1CF6F5B300015352 /* 标签栏 */ = {
			isa = PBXGroup;
			children = (
				A510410D1CF6F5B300015352 /* dog_select@2x.png */,
				A510410E1CF6F5B300015352 /* dog_unselect@2x.png */,
				A510410F1CF6F5B300015352 /* kitty_select@2x.png */,
				A51041101CF6F5B300015352 /* kitty_unselect@2x.png */,
				A51041111CF6F5B300015352 /* pet_select@2x.png */,
				A51041121CF6F5B300015352 /* pet_unselect@2x.png */,
			);
			path = "标签栏";
			sourceTree = "<group>";
		};
		A51041191CF6FED000015352 /* 喵星人 */ = {
			isa = PBXGroup;
			children = (
				A5D5E47B1CF9A3B1009E3156 /* 喵 */,
				A5D5E4871CF9A3B1009E3156 /* 喵-玩具篇 */,
				A510411A1CF6FED000015352 /* kitty_1@2x.png */,
				A510411B1CF6FED000015352 /* kitty_1_detail@2x.png */,
				A510411C1CF6FED000015352 /* kitty_2@2x.png */,
				A510411D1CF6FED000015352 /* kitty_2_detail@2x.png */,
				A510411E1CF6FED000015352 /* kitty_3@2x.png */,
				A510411F1CF6FED000015352 /* kitty_3_detail@2x.png */,
				A51041201CF6FED000015352 /* kitty_4@2x.png */,
				A51041211CF6FED000015352 /* kitty_4_detail@2x.png */,
				A51041221CF6FED000015352 /* kitty_5@2x.png */,
				A51041231CF6FED000015352 /* kitty_5_detail@2x.png */,
				A51041241CF6FED000015352 /* kitty_6@2x.png */,
				A51041251CF6FED000015352 /* kitty_6_detail@2x.png */,
			);
			path = "喵星人";
			sourceTree = "<group>";
		};
		A51041261CF6FED000015352 /* 汪星人 */ = {
			isa = PBXGroup;
			children = (
				A5D5E4B31CF9A3C3009E3156 /* 汪 */,
				A51041271CF6FED000015352 /* dog_1@2x.png */,
				A51041281CF6FED000015352 /* dog_1_detail@2x.png */,
				A51041291CF6FED000015352 /* dog_2@2x.png */,
				A510412A1CF6FED000015352 /* dog_2_detail@2x.png */,
				A510412B1CF6FED000015352 /* dog_3@2x.png */,
				A510412C1CF6FED000015352 /* dog_3_detail@2x.png */,
				A510412D1CF6FED000015352 /* dog_4@2x.png */,
				A510412E1CF6FED000015352 /* dog_4_detail@2x.png */,
				A510412F1CF6FED000015352 /* dog_5@2x.png */,
				A51041301CF6FED000015352 /* dog_5_detail@2x.png */,
				A51041311CF6FED000015352 /* dog_6@2x.png */,
				A51041321CF6FED000015352 /* dog_6_detail@2x.png */,
			);
			path = "汪星人";
			sourceTree = "<group>";
		};
		A510414B1CF701B400015352 /* 宠物星球 */ = {
			isa = PBXGroup;
			children = (
				A510414C1CF701B400015352 /* pet_1@2x.png */,
				A510414D1CF701B400015352 /* pet_1_detail@2x.png */,
				A510414E1CF701B400015352 /* pet_2@2x.png */,
				A510414F1CF701B400015352 /* pet_2_detail@2x.png */,
				A51041501CF701B400015352 /* pet_3@2x.png */,
				A51041511CF701B400015352 /* pet_3_detail@2x.png */,
				A51041521CF701B400015352 /* pet_4@2x.png */,
				A51041531CF701B400015352 /* pet_4_detail@2x.png */,
				A51041541CF701B400015352 /* pet_5@2x.png */,
				A51041551CF701B400015352 /* pet_5_detail@2x.png */,
				A51041561CF701B400015352 /* pet_6@2x.png */,
				A51041571CF701B400015352 /* pet_6_detail@2x.png */,
				A51041581CF701B400015352 /* pet_head@2x.png */,
			);
			path = "宠物星球";
			sourceTree = "<group>";
		};
		A5D5E47B1CF9A3B1009E3156 /* 喵 */ = {
			isa = PBXGroup;
			children = (
				A5D5E47C1CF9A3B1009E3156 /* kittyCatogory_0@2x.png */,
				A5D5E47D1CF9A3B1009E3156 /* kittyCatogory_1@2x.png */,
				A5D5E47E1CF9A3B1009E3156 /* kittyCatogory_1_show@2x.png */,
				A5D5E47F1CF9A3B1009E3156 /* kittyCatogory_2@2x.png */,
				A5D5E4801CF9A3B1009E3156 /* kittyCatogory_2_show@2x.png */,
				A5D5E4811CF9A3B1009E3156 /* kittyCatogory_3@2x.png */,
				A5D5E4821CF9A3B1009E3156 /* kittyCatogory_3_show@2x.png */,
				A5D5E4831CF9A3B1009E3156 /* kittyCatogory_4@2x.png */,
				A5D5E4841CF9A3B1009E3156 /* kittyCatogory_4_show@2x.png */,
				A5D5E4851CF9A3B1009E3156 /* kittyCatogory_5@2x.png */,
				A5D5E4861CF9A3B1009E3156 /* kittyCatogory_5_show@2x.png */,
			);
			path = "喵";
			sourceTree = "<group>";
		};
		A5D5E4871CF9A3B1009E3156 /* 喵-玩具篇 */ = {
			isa = PBXGroup;
			children = (
				A5D5E4881CF9A3B1009E3156 /* toy_0@2x.png */,
				A5D5E4891CF9A3B1009E3156 /* toy_1@2x.png */,
				A5D5E48A1CF9A3B1009E3156 /* toy_2@2x.png */,
				A5D5E48B1CF9A3B1009E3156 /* toy_2_show@2x.png */,
				A5D5E4D41CF9B422009E3156 /* toy_3@2x.png */,
				A5D5E48D1CF9A3B1009E3156 /* toy_3_show@2x.png */,
				A5D5E48E1CF9A3B1009E3156 /* toy_4@2x.png */,
				A5D5E48F1CF9A3B1009E3156 /* toy_4_show@2x.png */,
				A5D5E4901CF9A3B1009E3156 /* toy_5@2x.png */,
				A5D5E4911CF9A3B1009E3156 /* toy_5_show@2x.png */,
				A5D5E4921CF9A3B1009E3156 /* toy_6@2x.png */,
				A5D5E4931CF9A3B1009E3156 /* toy_6_show@2x.png */,
				A5D5E4941CF9A3B1009E3156 /* toy_7@2x.png */,
				A5D5E4951CF9A3B1009E3156 /* toy_7_show@2x.png */,
				A5D5E4961CF9A3B1009E3156 /* toy_8@2x.png */,
				A5D5E4971CF9A3B1009E3156 /* toy_8_show@2x.png */,
			);
			path = "喵-玩具篇";
			sourceTree = "<group>";
		};
		A5D5E4B31CF9A3C3009E3156 /* 汪 */ = {
			isa = PBXGroup;
			children = (
				A5D5E4B41CF9A3C3009E3156 /* dogCatogory_0@2x.png */,
				A5D5E4B51CF9A3C3009E3156 /* dogCatogory_1@2x.png */,
				A5D5E4B61CF9A3C3009E3156 /* dogCatogory_1_show@2x.png */,
				A5D5E4B71CF9A3C3009E3156 /* dogCatogory_2@2x.png */,
				A5D5E4B81CF9A3C3009E3156 /* dogCatogory_2_show@2x.png */,
				A5D5E4B91CF9A3C3009E3156 /* dogCatogory_3@2x.png */,
				A5D5E4BA1CF9A3C3009E3156 /* dogCatogory_3_show@2x.png */,
				A5D5E4BB1CF9A3C3009E3156 /* dogCatogory_4@2x.png */,
				A5D5E4BC1CF9A3C3009E3156 /* dogCatogory_4_show@2x.png */,
				A5D5E4BD1CF9A3C3009E3156 /* dogCatogory_5@2x.png */,
				A5D5E4BE1CF9A3C3009E3156 /* dogCatogory_5_show@2x.png */,
				A5D5E4BF1CF9A3C3009E3156 /* dogCatogory_6@2x.png */,
				A5D5E4C01CF9A3C3009E3156 /* dogCatogory_6_show@2x.png */,
			);
			path = "汪";
			sourceTree = "<group>";
		};
/* End PBXGroup section */

/* Begin PBXNativeTarget section */
		A51040D21CF6CA2500015352 /* Kitty */ = {
			isa = PBXNativeTarget;
			buildConfigurationList = A51040E71CF6CA2500015352 /* Build configuration list for PBXNativeTarget "Kitty" */;
			buildPhases = (
				A51040CF1CF6CA2500015352 /* Sources */,
				A51040D01CF6CA2500015352 /* Frameworks */,
				A51040D11CF6CA2500015352 /* Resources */,
			);
			buildRules = (
			);
			dependencies = (
			);
			name = Kitty;
			productName = Kitty;
			productReference = A51040D31CF6CA2500015352 /* Kitty.app */;
			productType = "com.apple.product-type.application";
		};
/* End PBXNativeTarget section */

/* Begin PBXProject section */
		A51040CB1CF6CA2500015352 /* Project object */ = {
			isa = PBXProject;
			attributes = {
				LastSwiftUpdateCheck = 0730;
				LastUpgradeCheck = 0730;
				ORGANIZATIONNAME = ChengFei;
				TargetAttributes = {
					A51040D21CF6CA2500015352 = {
						CreatedOnToolsVersion = 7.3;
					};
				};
			};
			buildConfigurationList = A51040CE1CF6CA2500015352 /* Build configuration list for PBXProject "Kitty" */;
			compatibilityVersion = "Xcode 3.2";
			developmentRegion = English;
			hasScannedForEncodings = 0;
			knownRegions = (
				en,
				Base,
			);
			mainGroup = A51040CA1CF6CA2500015352;
			productRefGroup = A51040D41CF6CA2500015352 /* Products */;
			projectDirPath = "";
			projectRoot = "";
			targets = (
				A51040D21CF6CA2500015352 /* Kitty */,
			);
		};
/* End PBXProject section */

/* Begin PBXResourcesBuildPhase section */
		A51040D11CF6CA2500015352 /* Resources */ = {
			isa = PBXResourcesBuildPhase;
			buildActionMask = 2147483647;
			files = (
				A5D5E4C51CF9A3C3009E3156 /* dogCatogory_2_show@2x.png in Resources */,
				A5D5E4C71CF9A3C3009E3156 /* dogCatogory_3_show@2x.png in Resources */,
				A5D5E49A1CF9A3B1009E3156 /* kittyCatogory_1_show@2x.png in Resources */,
				A51040E31CF6CA2500015352 /* LaunchScreen.storyboard in Resources */,
				A51041341CF6FED000015352 /* kitty_1_detail@2x.png in Resources */,
				A5D5E49F1CF9A3B1009E3156 /* kittyCatogory_4@2x.png in Resources */,
				A5D5E4A21CF9A3B1009E3156 /* kittyCatogory_5_show@2x.png in Resources */,
				A51041371CF6FED000015352 /* kitty_3@2x.png in Resources */,
				A5D5E4A51CF9A3B1009E3156 /* toy_2@2x.png in Resources */,
				A51041631CF701B400015352 /* pet_6@2x.png in Resources */,
				A5D5E4B11CF9A3B1009E3156 /* toy_8@2x.png in Resources */,
				A510415F1CF701B400015352 /* pet_4@2x.png in Resources */,
				A51041641CF701B400015352 /* pet_6_detail@2x.png in Resources */,
				A5D5E4991CF9A3B1009E3156 /* kittyCatogory_1@2x.png in Resources */,
				A51040EC1CF6CB3100015352 /* Default-Portrait.png.png in Resources */,
				A5D5E49E1CF9A3B1009E3156 /* kittyCatogory_3_show@2x.png in Resources */,
				A510415E1CF701B400015352 /* pet_3_detail@2x.png in Resources */,
				A5D5E49D1CF9A3B1009E3156 /* kittyCatogory_3@2x.png in Resources */,
				A51041611CF701B400015352 /* pet_5@2x.png in Resources */,
				A510414A1CF6FED000015352 /* dog_6_detail@2x.png in Resources */,
				A51041441CF6FED000015352 /* dog_3_detail@2x.png in Resources */,
				A5D5E49C1CF9A3B1009E3156 /* kittyCatogory_2_show@2x.png in Resources */,
				A5D5E4AF1CF9A3B1009E3156 /* toy_7@2x.png in Resources */,
				A51041161CF6F5B300015352 /* kitty_unselect@2x.png in Resources */,
				A51041361CF6FED000015352 /* kitty_2_detail@2x.png in Resources */,
				A51041381CF6FED000015352 /* kitty_3_detail@2x.png in Resources */,
				A510413D1CF6FED000015352 /* kitty_6@2x.png in Resources */,
				A51041601CF701B400015352 /* pet_4_detail@2x.png in Resources */,
				A510413C1CF6FED000015352 /* kitty_5_detail@2x.png in Resources */,
				A5D5E4B21CF9A3B1009E3156 /* toy_8_show@2x.png in Resources */,
				A5D5E4AA1CF9A3B1009E3156 /* toy_4_show@2x.png in Resources */,
				A5D5E4C81CF9A3C3009E3156 /* dogCatogory_4@2x.png in Resources */,
				A5D5E4A31CF9A3B1009E3156 /* toy_0@2x.png in Resources */,
				A5D5E4CC1CF9A3C3009E3156 /* dogCatogory_6@2x.png in Resources */,
				A5D5E4A61CF9A3B1009E3156 /* toy_2_show@2x.png in Resources */,
				A51041431CF6FED000015352 /* dog_3@2x.png in Resources */,
				A51041391CF6FED000015352 /* kitty_4@2x.png in Resources */,
				A51041141CF6F5B300015352 /* dog_unselect@2x.png in Resources */,
				A5D5E4C31CF9A3C3009E3156 /* dogCatogory_1_show@2x.png in Resources */,
				A510413F1CF6FED000015352 /* dog_1@2x.png in Resources */,
				A51041401CF6FED000015352 /* dog_1_detail@2x.png in Resources */,
				A51041651CF701B400015352 /* pet_head@2x.png in Resources */,
				A51041331CF6FED000015352 /* kitty_1@2x.png in Resources */,
				A5D5E4A01CF9A3B1009E3156 /* kittyCatogory_4_show@2x.png in Resources */,
				A5D5E4A81CF9A3B1009E3156 /* toy_3_show@2x.png in Resources */,
				A5D5E4A41CF9A3B1009E3156 /* toy_1@2x.png in Resources */,
				A51041451CF6FED000015352 /* dog_4@2x.png in Resources */,
				A510413E1CF6FED000015352 /* kitty_6_detail@2x.png in Resources */,
				A5D5E4B01CF9A3B1009E3156 /* toy_7_show@2x.png in Resources */,
				A51041491CF6FED000015352 /* dog_6@2x.png in Resources */,
				A510415D1CF701B400015352 /* pet_3@2x.png in Resources */,
				A5D5E4AE1CF9A3B1009E3156 /* toy_6_show@2x.png in Resources */,
				A51040EE1CF6CB9100015352 /* Icon.png in Resources */,
				A51041411CF6FED000015352 /* dog_2@2x.png in Resources */,
				A51041151CF6F5B300015352 /* kitty_select@2x.png in Resources */,
				A5D5E4C21CF9A3C3009E3156 /* dogCatogory_1@2x.png in Resources */,
				A5D5E49B1CF9A3B1009E3156 /* kittyCatogory_2@2x.png in Resources */,
				A51040DE1CF6CA2500015352 /* Main.storyboard in Resources */,
				A51040FE1CF6D8A200015352 /* Assets.xcassets in Resources */,
				A5D5E4C41CF9A3C3009E3156 /* dogCatogory_2@2x.png in Resources */,
				A51041471CF6FED000015352 /* dog_5@2x.png in Resources */,
				A510415C1CF701B400015352 /* pet_2_detail@2x.png in Resources */,
				A51041181CF6F5B300015352 /* pet_unselect@2x.png in Resources */,
				A5D5E4D51CF9B422009E3156 /* toy_3@2x.png in Resources */,
				A5D5E4AD1CF9A3B1009E3156 /* toy_6@2x.png in Resources */,
				A5D5E4C11CF9A3C3009E3156 /* dogCatogory_0@2x.png in Resources */,
				A5D5E4CB1CF9A3C3009E3156 /* dogCatogory_5_show@2x.png in Resources */,
				A51041481CF6FED000015352 /* dog_5_detail@2x.png in Resources */,
				A51041421CF6FED000015352 /* dog_2_detail@2x.png in Resources */,
				A5D5E4AC1CF9A3B1009E3156 /* toy_5_show@2x.png in Resources */,
				A510415A1CF701B400015352 /* pet_1_detail@2x.png in Resources */,
				A51041621CF701B400015352 /* pet_5_detail@2x.png in Resources */,
				A5D5E4C61CF9A3C3009E3156 /* dogCatogory_3@2x.png in Resources */,
				A510413A1CF6FED000015352 /* kitty_4_detail@2x.png in Resources */,
				A510413B1CF6FED000015352 /* kitty_5@2x.png in Resources */,
				A5D5E4A11CF9A3B1009E3156 /* kittyCatogory_5@2x.png in Resources */,
				A5D5E4CD1CF9A3C3009E3156 /* dogCatogory_6_show@2x.png in Resources */,
				A51041171CF6F5B300015352 /* pet_select@2x.png in Resources */,
				A51041131CF6F5B300015352 /* dog_select@2x.png in Resources */,
				A5D5E4AB1CF9A3B1009E3156 /* toy_5@2x.png in Resources */,
				A51041461CF6FED000015352 /* dog_4_detail@2x.png in Resources */,
				A510415B1CF701B400015352 /* pet_2@2x.png in Resources */,
				A5D5E4A91CF9A3B1009E3156 /* toy_4@2x.png in Resources */,
				A51041591CF701B400015352 /* pet_1@2x.png in Resources */,
				A5D5E4981CF9A3B1009E3156 /* kittyCatogory_0@2x.png in Resources */,
				A5D5E4CA1CF9A3C3009E3156 /* dogCatogory_5@2x.png in Resources */,
				A5D5E4C91CF9A3C3009E3156 /* dogCatogory_4_show@2x.png in Resources */,
				A51041351CF6FED000015352 /* kitty_2@2x.png in Resources */,
			);
			runOnlyForDeploymentPostprocessing = 0;
		};
/* End PBXResourcesBuildPhase section */

/* Begin PBXSourcesBuildPhase section */
		A51040CF1CF6CA2500015352 /* Sources */ = {
			isa = PBXSourcesBuildPhase;
			buildActionMask = 2147483647;
			files = (
				A51040F91CF6D2A300015352 /* KittyViewController.swift in Sources */,
				A5D5E4D31CF9A550009E3156 /* DetailCell.swift in Sources */,
				A5513DC91CF988B000D5D0E7 /* HintView.swift in Sources */,
				A513654F1CF7131E00B9C1B1 /* PetCell.swift in Sources */,
				A51040F51CF6CE4600015352 /* TabBarController.swift in Sources */,
				A51040D71CF6CA2500015352 /* AppDelegate.swift in Sources */,
				A51040FB1CF6D2B000015352 /* DogViewController.swift in Sources */,
				A51040FD1CF6D2BB00015352 /* PetViewController.swift in Sources */,
				A5D5E4CF1CF9A435009E3156 /* DetailTableViewCotroller.swift in Sources */,
				A51041671CF702B900015352 /* KittyCell.swift in Sources */,
				A510416B1CF7086E00015352 /* DetailViewController.swift in Sources */,
			);
			runOnlyForDeploymentPostprocessing = 0;
		};
/* End PBXSourcesBuildPhase section */

/* Begin PBXVariantGroup section */
		A51040DC1CF6CA2500015352 /* Main.storyboard */ = {
			isa = PBXVariantGroup;
			children = (
				A51040DD1CF6CA2500015352 /* Base */,
			);
			name = Main.storyboard;
			sourceTree = "<group>";
		};
		A51040E11CF6CA2500015352 /* LaunchScreen.storyboard */ = {
			isa = PBXVariantGroup;
			children = (
				A51040E21CF6CA2500015352 /* Base */,
			);
			name = LaunchScreen.storyboard;
			sourceTree = "<group>";
		};
/* End PBXVariantGroup section */

/* Begin XCBuildConfiguration section */
		A51040E51CF6CA2500015352 /* Debug */ = {
			isa = XCBuildConfiguration;
			buildSettings = {
				ALWAYS_SEARCH_USER_PATHS = NO;
				CLANG_ANALYZER_NONNULL = YES;
				CLANG_CXX_LANGUAGE_STANDARD = "gnu++0x";
				CLANG_CXX_LIBRARY = "libc++";
				CLANG_ENABLE_MODULES = YES;
				CLANG_ENABLE_OBJC_ARC = YES;
				CLANG_WARN_BOOL_CONVERSION = YES;
				CLANG_WARN_CONSTANT_CONVERSION = YES;
				CLANG_WARN_DIRECT_OBJC_ISA_USAGE = YES_ERROR;
				CLANG_WARN_EMPTY_BODY = YES;
				CLANG_WARN_ENUM_CONVERSION = YES;
				CLANG_WARN_INT_CONVERSION = YES;
				CLANG_WARN_OBJC_ROOT_CLASS = YES_ERROR;
				CLANG_WARN_UNREACHABLE_CODE = YES;
				CLANG_WARN__DUPLICATE_METHOD_MATCH = YES;
				"CODE_SIGN_IDENTITY[sdk=iphoneos*]" = "iPhone Developer";
				COPY_PHASE_STRIP = NO;
				DEBUG_INFORMATION_FORMAT = dwarf;
				ENABLE_STRICT_OBJC_MSGSEND = YES;
				ENABLE_TESTABILITY = YES;
				GCC_C_LANGUAGE_STANDARD = gnu99;
				GCC_DYNAMIC_NO_PIC = NO;
				GCC_NO_COMMON_BLOCKS = YES;
				GCC_OPTIMIZATION_LEVEL = 0;
				GCC_PREPROCESSOR_DEFINITIONS = (
					"DEBUG=1",
					"$(inherited)",
				);
				GCC_WARN_64_TO_32_BIT_CONVERSION = YES;
				GCC_WARN_ABOUT_RETURN_TYPE = YES_ERROR;
				GCC_WARN_UNDECLARED_SELECTOR = YES;
				GCC_WARN_UNINITIALIZED_AUTOS = YES_AGGRESSIVE;
				GCC_WARN_UNUSED_FUNCTION = YES;
				GCC_WARN_UNUSED_VARIABLE = YES;
				IPHONEOS_DEPLOYMENT_TARGET = 9.3;
				MTL_ENABLE_DEBUG_INFO = YES;
				ONLY_ACTIVE_ARCH = YES;
				SDKROOT = iphoneos;
				SWIFT_OPTIMIZATION_LEVEL = "-Onone";
				TARGETED_DEVICE_FAMILY = 2;
			};
			name = Debug;
		};
		A51040E61CF6CA2500015352 /* Release */ = {
			isa = XCBuildConfiguration;
			buildSettings = {
				ALWAYS_SEARCH_USER_PATHS = NO;
				CLANG_ANALYZER_NONNULL = YES;
				CLANG_CXX_LANGUAGE_STANDARD = "gnu++0x";
				CLANG_CXX_LIBRARY = "libc++";
				CLANG_ENABLE_MODULES = YES;
				CLANG_ENABLE_OBJC_ARC = YES;
				CLANG_WARN_BOOL_CONVERSION = YES;
				CLANG_WARN_CONSTANT_CONVERSION = YES;
				CLANG_WARN_DIRECT_OBJC_ISA_USAGE = YES_ERROR;
				CLANG_WARN_EMPTY_BODY = YES;
				CLANG_WARN_ENUM_CONVERSION = YES;
				CLANG_WARN_INT_CONVERSION = YES;
				CLANG_WARN_OBJC_ROOT_CLASS = YES_ERROR;
				CLANG_WARN_UNREACHABLE_CODE = YES;
				CLANG_WARN__DUPLICATE_METHOD_MATCH = YES;
				"CODE_SIGN_IDENTITY[sdk=iphoneos*]" = "iPhone Developer";
				COPY_PHASE_STRIP = NO;
				DEBUG_INFORMATION_FORMAT = "dwarf-with-dsym";
				ENABLE_NS_ASSERTIONS = NO;
				ENABLE_STRICT_OBJC_MSGSEND = YES;
				GCC_C_LANGUAGE_STANDARD = gnu99;
				GCC_NO_COMMON_BLOCKS = YES;
				GCC_WARN_64_TO_32_BIT_CONVERSION = YES;
				GCC_WARN_ABOUT_RETURN_TYPE = YES_ERROR;
				GCC_WARN_UNDECLARED_SELECTOR = YES;
				GCC_WARN_UNINITIALIZED_AUTOS = YES_AGGRESSIVE;
				GCC_WARN_UNUSED_FUNCTION = YES;
				GCC_WARN_UNUSED_VARIABLE = YES;
				IPHONEOS_DEPLOYMENT_TARGET = 9.3;
				MTL_ENABLE_DEBUG_INFO = NO;
				SDKROOT = iphoneos;
				TARGETED_DEVICE_FAMILY = 2;
				VALIDATE_PRODUCT = YES;
			};
			name = Release;
		};
		A51040E81CF6CA2500015352 /* Debug */ = {
			isa = XCBuildConfiguration;
			buildSettings = {
				ASSETCATALOG_COMPILER_APPICON_NAME = AppIcon;
				INFOPLIST_FILE = Kitty/Info.plist;
				LD_RUNPATH_SEARCH_PATHS = "$(inherited) @executable_path/Frameworks";
				PRODUCT_BUNDLE_IDENTIFIER = com.aido.sys.Kitty;
				PRODUCT_NAME = "$(TARGET_NAME)";
				TARGETED_DEVICE_FAMILY = 2;
			};
			name = Debug;
		};
		A51040E91CF6CA2500015352 /* Release */ = {
			isa = XCBuildConfiguration;
			buildSettings = {
				ASSETCATALOG_COMPILER_APPICON_NAME = AppIcon;
				INFOPLIST_FILE = Kitty/Info.plist;
				LD_RUNPATH_SEARCH_PATHS = "$(inherited) @executable_path/Frameworks";
				PRODUCT_BUNDLE_IDENTIFIER = com.aido.sys.Kitty;
				PRODUCT_NAME = "$(TARGET_NAME)";
				TARGETED_DEVICE_FAMILY = 2;
			};
			name = Release;
		};
/* End XCBuildConfiguration section */

/* Begin XCConfigurationList section */
		A51040CE1CF6CA2500015352 /* Build configuration list for PBXProject "Kitty" */ = {
			isa = XCConfigurationList;
			buildConfigurations = (
				A51040E51CF6CA2500015352 /* Debug */,
				A51040E61CF6CA2500015352 /* Release */,
			);
			defaultConfigurationIsVisible = 0;
			defaultConfigurationName = Release;
		};
		A51040E71CF6CA2500015352 /* Build configuration list for PBXNativeTarget "Kitty" */ = {
			isa = XCConfigurationList;
			buildConfigurations = (
				A51040E81CF6CA2500015352 /* Debug */,
				A51040E91CF6CA2500015352 /* Release */,
			);
			defaultConfigurationIsVisible = 0;
			defaultConfigurationName = Release;
		};
/* End XCConfigurationList section */
	};
	rootObject = A51040CB1CF6CA2500015352 /* Project object */;
}
